
Microsoft Visual Studio Solution File, Format Version 12.00
# Visual Studio Version 16
VisualStudioVersion = 16.0.30907.101
MinimumVisualStudioVersion = 10.0.40219.1
Project("{FAE04EC0-301F-11D3-BF4B-00C04F79EFBC}") = "Password Generator", "Password Generator\Password Generator.csproj", "{E13E7EDA-1CB4-496E-9395-01D9509DFB74}"
EndProject
Global
	GlobalSection(SolutionConfigurationPlatforms) = preSolution
		Debug|Any CPU = Debug|Any CPU
		Release|Any CPU = Release|Any CPU
	EndGlobalSection
	GlobalSection(ProjectConfigurationPlatforms) = postSolution
		{E13E7EDA-1CB4-496E-9395-01D9509DFB74}.Debug|Any CPU.ActiveCfg = Debug|Any CPU
		{E13E7EDA-1CB4-496E-9395-01D9509DFB74}.Debug|Any CPU.Build.0 = Debug|Any CPU
		{E13E7EDA-1CB4-496E-9395-01D9509DFB74}.Release|Any CPU.ActiveCfg = Release|Any CPU
		{E13E7EDA-1CB4-496E-9395-01D9509DFB74}.Release|Any CPU.Build.0 = Release|Any CPU
	EndGlobalSection
	GlobalSection(SolutionProperties) = preSolution
		HideSolutionNode = FALSE
	EndGlobalSection
	GlobalSection(ExtensibilityGlobals) = postSolution
		SolutionGuid = {4889D882-05CA-4757-B611-096272AF7A2D}
	EndGlobalSection
EndGlobal
